Microsoft Visual Studio Solution File, Format Version 12.00
# Visual Studio Version 17
VisualStudioVersion = 17.5.2.0
MinimumVisualStudioVersion = 10.0.40219.1
Project("{FAE04EC0-301F-11D3-BF4B-00C04F79EFBC}") = "Pharmacy.WebApi", "Pharmacy.WebApi.csproj", "{B6AA71EE-3425-3C7B-268A-135B5CCE029A}"
EndProject
Global
	GlobalSection(SolutionConfigurationPlatforms) = preSolution
		Debug|Any CPU = Debug|Any CPU
		Release|Any CPU = Release|Any CPU
	EndGlobalSection
	GlobalSection(ProjectConfigurationPlatforms) = postSolution
		{B6AA71EE-3425-3C7B-268A-135B5CCE029A}.Debug|Any CPU.ActiveCfg = Debug|Any CPU
		{B6AA71EE-3425-3C7B-268A-135B5CCE029A}.Debug|Any CPU.Build.0 = Debug|Any CPU
		{B6AA71EE-3425-3C7B-268A-135B5CCE029A}.Release|Any CPU.ActiveCfg = Release|Any CPU
		{B6AA71EE-3425-3C7B-268A-135B5CCE029A}.Release|Any CPU.Build.0 = Release|Any CPU
	EndGlobalSection
	GlobalSection(SolutionProperties) = preSolution
		HideSolutionNode = FALSE
	EndGlobalSection
	GlobalSection(ExtensibilityGlobals) = postSolution
		SolutionGuid = {952DABEA-63B6-4280-9B3A-25DBC1DB8B70}
	EndGlobalSection
EndGlobal
